
Microsoft Visual Studio Solution File, Format Version 12.00
# Visual Studio Version 17
VisualStudioVersion = 17.8.34309.116
MinimumVisualStudioVersion = 10.0.40219.1
Project("{FAE04EC0-301F-11D3-BF4B-00C04F79EFBC}") = "TaskLearning", "TaskLearning\TaskLearning.csproj", "{768F3371-25E2-44E8-8C8A-20C22867C63B}"
EndProject
Global
	GlobalSection(SolutionConfigurationPlatforms) = preSolution
		Debug|Any CPU = Debug|Any CPU
		Release|Any CPU = Release|Any CPU
	EndGlobalSection
	GlobalSection(ProjectConfigurationPlatforms) = postSolution
		{768F3371-25E2-44E8-8C8A-20C22867C63B}.Debug|Any CPU.ActiveCfg = Debug|Any CPU
		{768F3371-25E2-44E8-8C8A-20C22867C63B}.Debug|Any CPU.Build.0 = Debug|Any CPU
		{768F3371-25E2-44E8-8C8A-20C22867C63B}.Release|Any CPU.ActiveCfg = Release|Any CPU
		{768F3371-25E2-44E8-8C8A-20C22867C63B}.Release|Any CPU.Build.0 = Release|Any CPU
	EndGlobalSection
	GlobalSection(SolutionProperties) = preSolution
		HideSolutionNode = FALSE
	EndGlobalSection
	GlobalSection(ExtensibilityGlobals) = postSolution
		SolutionGuid = {08A6F52A-C337-4125-BD8D-61FEE151BAB8}
	EndGlobalSection
EndGlobal
